{
  "name": "demo-api",
  "version": "0.4.0",
  "lockfileVersion": 3,
  "requires": true,
  "packages": {
    "": {
      "name": "demo-api",
      "version": "0.4.0",
      "dependencies": {
        "bcrypt": "^5.1.1",
        "express": "^4.19.2",
        "jsonwebtoken": "^8.5.1"
      },
      "engines": {
        "node": ">=16"
      }
    },
    "node_modules/bcrypt": {
      "version": "5.1.1"
    },
    "node_modules/express": {
      "version": "4.19.2"
    },
    "node_modules/jsonwebtoken": {
      "version": "8.5.1"
    }
  }
}
